// !$*UTF8*$!
{
	archiveVersion = 1;
	classes = {
	};
	objectVersion = 48;
	objects = {

/* Begin PBXBuildFile section */
		784B52091F9775D2004C8D19 /* AppDelegate.swift in Sources */ = {isa = PBXBuildFile; fileRef = 784B52081F9775D2004C8D19 /* AppDelegate.swift */; };
		784B520B1F9775D2004C8D19 /* ViewController.swift in Sources */ = {isa = PBXBuildFile; fileRef = 784B520A1F9775D2004C8D19 /* ViewController.swift */; };
		784B520E1F9775D2004C8D19 /* Main.storyboard in Resources */ = {isa = PBXBuildFile; fileRef = 784B520C1F9775D2004C8D19 /* Main.storyboard */; };
		784B52101F9775D2004C8D19 /* Assets.xcassets in Resources */ = {isa = PBXBuildFile; fileRef = 784B520F1F9775D2004C8D19 /* Assets.xcassets */; };
		784B52131F9775D2004C8D19 /* LaunchScreen.storyboard in Resources */ = {isa = PBXBuildFile; fileRef = 784B52111F9775D2004C8D19 /* LaunchScreen.storyboard */; };
		784B521E1F9775D2004C8D19 /* Project03__FindMyLocationTests.swift in Sources */ = {isa = PBXBuildFile; fileRef = 784B521D1F9775D2004C8D19 /* Project03__FindMyLocationTests.swift */; };
		784B52291F9775D2004C8D19 /* Project03__FindMyLocationUITests.swift in Sources */ = {isa = PBXBuildFile; fileRef = 784B52281F9775D2004C8D19 /* Project03__FindMyLocationUITests.swift */; };
/* End PBXBuildFile section */

/* Begin PBXContainerItemProxy section */
		784B521A1F9775D2004C8D19 /* PBXContainerItemProxy */ = {
			isa = PBXContainerItemProxy;
			containerPortal = 784B51FD1F9775D2004C8D19 /* Project object */;
			proxyType = 1;
			remoteGlobalIDString = 784B52041F9775D2004C8D19;
			remoteInfo = "Project03- FindMyLocation";
		};
		784B52251F9775D2004C8D19 /* PBXContainerItemProxy */ = {
			isa = PBXContainerItemProxy;
			containerPortal = 784B51FD1F9775D2004C8D19 /* Project object */;
			proxyType = 1;
			remoteGlobalIDString = 784B52041F9775D2004C8D19;
			remoteInfo = "Project03- FindMyLocation";
		};
/* End PBXContainerItemProxy section */

/* Begin PBXFileReference section */
		784B52051F9775D2004C8D19 /* Project03- FindMyLocation.app */ = {isa = PBXFileReference; explicitFileType = wrapper.application; includeInIndex = 0; path = "Project03- FindMyLocation.app"; sourceTree = BUILT_PRODUCTS_DIR; };
		784B52081F9775D2004C8D19 /* AppDelegate.swift */ = {isa = PBXFileReference; lastKnownFileType = sourcecode.swift; path = AppDelegate.swift; sourceTree = "<group>"; };
		784B520A1F9775D2004C8D19 /* ViewController.swift */ = {isa = PBXFileReference; lastKnownFileType = sourcecode.swift; path = ViewController.swift; sourceTree = "<group>"; };
		784B520D1F9775D2004C8D19 /* Base */ = {isa = PBXFileReference; lastKnownFileType = file.storyboard; name = Base; path = Base.lproj/Main.storyboard; sourceTree = "<group>"; };
		784B520F1F9775D2004C8D19 /* Assets.xcassets */ = {isa = PBXFileReference; lastKnownFileType = folder.assetcatalog; path = Assets.xcassets; sourceTree = "<group>"; };
		784B52121F9775D2004C8D19 /* Base */ = {isa = PBXFileReference; lastKnownFileType = file.storyboard; name = Base; path = Base.lproj/LaunchScreen.storyboard; sourceTree = "<group>"; };
		784B52141F9775D2004C8D19 /* Info.plist */ = {isa = PBXFileReference; lastKnownFileType = text.plist.xml; path = Info.plist; sourceTree = "<group>"; };
		784B52191F9775D2004C8D19 /* Project03- FindMyLocationTests.xctest */ = {isa = PBXFileReference; explicitFileType = wrapper.cfbundle; includeInIndex = 0; path = "Project03- FindMyLocationTests.xctest"; sourceTree = BUILT_PRODUCTS_DIR; };
		784B521D1F9775D2004C8D19 /* Project03__FindMyLocationTests.swift */ = {isa = PBXFileReference; lastKnownFileType = sourcecode.swift; path = Project03__FindMyLocationTests.swift; sourceTree = "<group>"; };
		784B521F1F9775D2004C8D19 /* Info.plist */ = {isa = PBXFileReference; lastKnownFileType = text.plist.xml; path = Info.plist; sourceTree = "<group>"; };
		784B52241F9775D2004C8D19 /* Project03- FindMyLocationUITests.xctest */ = {isa = PBXFileReference; explicitFileType = wrapper.cfbundle; includeInIndex = 0; path = "Project03- FindMyLocationUITests.xctest"; sourceTree = BUILT_PRODUCTS_DIR; };
		784B52281F9775D2004C8D19 /* Project03__FindMyLocationUITests.swift */ = {isa = PBXFileReference; lastKnownFileType = sourcecode.swift; path = Project03__FindMyLocationUITests.swift; sourceTree = "<group>"; };
		784B522A1F9775D2004C8D19 /* Info.plist */ = {isa = PBXFileReference; lastKnownFileType = text.plist.xml; path = Info.plist; sourceTree = "<group>"; };
/* End PBXFileReference section */

/* Begin PBXFrameworksBuildPhase section */
		784B52021F9775D2004C8D19 /* Frameworks */ = {
			isa = PBXFrameworksBuildPhase;
			buildActionMask = 2147483647;
			files = (
			);
			runOnlyForDeploymentPostprocessing = 0;
		};
		784B52161F9775D2004C8D19 /* Frameworks */ = {
			isa = PBXFrameworksBuildPhase;
			buildActionMask = 2147483647;
			files = (
			);
			runOnlyForDeploymentPostprocessing = 0;
		};
		784B52211F9775D2004C8D19 /* Frameworks */ = {
			isa = PBXFrameworksBuildPhase;
			buildActionMask = 2147483647;
			files = (
			);
			runOnlyForDeploymentPostprocessing = 0;
		};
/* End PBXFrameworksBuildPhase section */

/* Begin PBXGroup section */
		784B51FC1F9775D2004C8D19 = {
			isa = PBXGroup;
			children = (
				784B52071F9775D2004C8D19 /* Project03- FindMyLocation */,
				784B521C1F9775D2004C8D19 /* Project03- FindMyLocationTests */,
				784B52271F9775D2004C8D19 /* Project03- FindMyLocationUITests */,
				784B52061F9775D2004C8D19 /* Products */,
			);
			sourceTree = "<group>";
		};
		784B52061F9775D2004C8D19 /* Products */ = {
			isa = PBXGroup;
			children = (
				784B52051F9775D2004C8D19 /* Project03- FindMyLocation.app */,
				784B52191F9775D2004C8D19 /* Project03- FindMyLocationTests.xctest */,
				784B52241F9775D2004C8D19 /* Project03- FindMyLocationUITests.xctest */,
			);
			name = Products;
			sourceTree = "<group>";
		};
		784B52071F9775D2004C8D19 /* Project03- FindMyLocation */ = {
			isa = PBXGroup;
			children = (
				784B52081F9775D2004C8D19 /* AppDelegate.swift */,
				784B520A1F9775D2004C8D19 /* ViewController.swift */,
				784B520C1F9775D2004C8D19 /* Main.storyboard */,
				784B520F1F9775D2004C8D19 /* Assets.xcassets */,
				784B52111F9775D2004C8D19 /* LaunchScreen.storyboard */,
				784B52141F9775D2004C8D19 /* Info.plist */,
			);
			path = "Project03- FindMyLocation";
			sourceTree = "<group>";
		};
		784B521C1F9775D2004C8D19 /* Project03- FindMyLocationTests */ = {
			isa = PBXGroup;
			children = (
				784B521D1F9775D2004C8D19 /* Project03__FindMyLocationTests.swift */,
				784B521F1F9775D2004C8D19 /* Info.plist */,
			);
			path = "Project03- FindMyLocationTests";
			sourceTree = "<group>";
		};
		784B52271F9775D2004C8D19 /* Project03- FindMyLocationUITests */ = {
			isa = PBXGroup;
			children = (
				784B52281F9775D2004C8D19 /* Project03__FindMyLocationUITests.swift */,
				784B522A1F9775D2004C8D19 /* Info.plist */,
			);
			path = "Project03- FindMyLocationUITests";
			sourceTree = "<group>";
		};
/* End PBXGroup section */

/* Begin PBXNativeTarget section */
		784B52041F9775D2004C8D19 /* Project03- FindMyLocation */ = {
			isa = PBXNativeTarget;
			buildConfigurationList = 784B522D1F9775D2004C8D19 /* Build configuration list for PBXNativeTarget "Project03- FindMyLocation" */;
			buildPhases = (
				784B52011F9775D2004C8D19 /* Sources */,
				784B52021F9775D2004C8D19 /* Frameworks */,
				784B52031F9775D2004C8D19 /* Resources */,
			);
			buildRules = (
			);
			dependencies = (
			);
			name = "Project03- FindMyLocation";
			productName = "Project03- FindMyLocation";
			productReference = 784B52051F9775D2004C8D19 /* Project03- FindMyLocation.app */;
			productType = "com.apple.product-type.application";
		};
		784B52181F9775D2004C8D19 /* Project03- FindMyLocationTests */ = {
			isa = PBXNativeTarget;
			buildConfigurationList = 784B52301F9775D2004C8D19 /* Build configuration list for PBXNativeTarget "Project03- FindMyLocationTests" */;
			buildPhases = (
				784B52151F9775D2004C8D19 /* Sources */,
				784B52161F9775D2004C8D19 /* Frameworks */,
				784B52171F9775D2004C8D19 /* Resources */,
			);
			buildRules = (
			);
			dependencies = (
				784B521B1F9775D2004C8D19 /* PBXTargetDependency */,
			);
			name = "Project03- FindMyLocationTests";
			productName = "Project03- FindMyLocationTests";
			productReference = 784B52191F9775D2004C8D19 /* Project03- FindMyLocationTests.xctest */;
			productType = "com.apple.product-type.bundle.unit-test";
		};
		784B52231F9775D2004C8D19 /* Project03- FindMyLocationUITests */ = {
			isa = PBXNativeTarget;
			buildConfigurationList = 784B52331F9775D2004C8D19 /* Build configuration list for PBXNativeTarget "Project03- FindMyLocationUITests" */;
			buildPhases = (
				784B52201F9775D2004C8D19 /* Sources */,
				784B52211F9775D2004C8D19 /* Frameworks */,
				784B52221F9775D2004C8D19 /* Resources */,
			);
			buildRules = (
			);
			dependencies = (
				784B52261F9775D2004C8D19 /* PBXTargetDependency */,
			);
			name = "Project03- FindMyLocationUITests";
			productName = "Project03- FindMyLocationUITests";
			productReference = 784B52241F9775D2004C8D19 /* Project03- FindMyLocationUITests.xctest */;
			productType = "com.apple.product-type.bundle.ui-testing";
		};
/* End PBXNativeTarget section */

/* Begin PBXProject section */
		784B51FD1F9775D2004C8D19 /* Project object */ = {
			isa = PBXProject;
			attributes = {
				LastSwiftUpdateCheck = 0900;
				LastUpgradeCheck = 0900;
				ORGANIZATIONNAME = zhouxinfang;
				TargetAttributes = {
					784B52041F9775D2004C8D19 = {
						CreatedOnToolsVersion = 9.0;
						ProvisioningStyle = Automatic;
					};
					784B52181F9775D2004C8D19 = {
						CreatedOnToolsVersion = 9.0;
						ProvisioningStyle = Automatic;
						TestTargetID = 784B52041F9775D2004C8D19;
					};
					784B52231F9775D2004C8D19 = {
						CreatedOnToolsVersion = 9.0;
						ProvisioningStyle = Automatic;
						TestTargetID = 784B52041F9775D2004C8D19;
					};
				};
			};
			buildConfigurationList = 784B52001F9775D2004C8D19 /* Build configuration list for PBXProject "Project03- FindMyLocation" */;
			compatibilityVersion = "Xcode 8.0";
			developmentRegion = en;
			hasScannedForEncodings = 0;
			knownRegions = (
				en,
				Base,
			);
			mainGroup = 784B51FC1F9775D2004C8D19;
			productRefGroup = 784B52061F9775D2004C8D19 /* Products */;
			projectDirPath = "";
			projectRoot = "";
			targets = (
				784B52041F9775D2004C8D19 /* Project03- FindMyLocation */,
				784B52181F9775D2004C8D19 /* Project03- FindMyLocationTests */,
				784B52231F9775D2004C8D19 /* Project03- FindMyLocationUITests */,
			);
		};
/* End PBXProject section */

/* Begin PBXResourcesBuildPhase section */
		784B52031F9775D2004C8D19 /* Resources */ = {
			isa = PBXResourcesBuildPhase;
			buildActionMask = 2147483647;
			files = (
				784B52131F9775D2004C8D19 /* LaunchScreen.storyboard in Resources */,
				784B52101F9775D2004C8D19 /* Assets.xcassets in Resources */,
				784B520E1F9775D2004C8D19 /* Main.storyboard in Resources */,
			);
			runOnlyForDeploymentPostprocessing = 0;
		};
		784B52171F9775D2004C8D19 /* Resources */ = {
			isa = PBXResourcesBuildPhase;
			buildActionMask = 2147483647;
			files = (
			);
			runOnlyForDeploymentPostprocessing = 0;
		};
		784B52221F9775D2004C8D19 /* Resources */ = {
			isa = PBXResourcesBuildPhase;
			buildActionMask = 2147483647;
			files = (
			);
			runOnlyForDeploymentPostprocessing = 0;
		};
/* End PBXResourcesBuildPhase section */

/* Begin PBXSourcesBuildPhase section */
		784B52011F9775D2004C8D19 /* Sources */ = {
			isa = PBXSourcesBuildPhase;
			buildActionMask = 2147483647;
			files = (
				784B520B1F9775D2004C8D19 /* ViewController.swift in Sources */,
				784B52091F9775D2004C8D19 /* AppDelegate.swift in Sources */,
			);
			runOnlyForDeploymentPostprocessing = 0;
		};
		784B52151F9775D2004C8D19 /* Sources */ = {
			isa = PBXSourcesBuildPhase;
			buildActionMask = 2147483647;
			files = (
				784B521E1F9775D2004C8D19 /* Project03__FindMyLocationTests.swift in Sources */,
			);
			runOnlyForDeploymentPostprocessing = 0;
		};
		784B52201F9775D2004C8D19 /* Sources */ = {
			isa = PBXSourcesBuildPhase;
			buildActionMask = 2147483647;
			files = (
				784B52291F9775D2004C8D19 /* Project03__FindMyLocationUITests.swift in Sources */,
			);
			runOnlyForDeploymentPostprocessing = 0;
		};
/* End PBXSourcesBuildPhase section */

/* Begin PBXTargetDependency section */
		784B521B1F9775D2004C8D19 /* PBXTargetDependency */ = {
			isa = PBXTargetDependency;
			target = 784B52041F9775D2004C8D19 /* Project03- FindMyLocation */;
			targetProxy = 784B521A1F9775D2004C8D19 /* PBXContainerItemProxy */;
		};
		784B52261F9775D2004C8D19 /* PBXTargetDependency */ = {
			isa = PBXTargetDependency;
			target = 784B52041F9775D2004C8D19 /* Project03- FindMyLocation */;
			targetProxy = 784B52251F9775D2004C8D19 /* PBXContainerItemProxy */;
		};
/* End PBXTargetDependency section */

/* Begin PBXVariantGroup section */
		784B520C1F9775D2004C8D19 /* Main.storyboard */ = {
			isa = PBXVariantGroup;
			children = (
				784B520D1F9775D2004C8D19 /* Base */,
			);
			name = Main.storyboard;
			sourceTree = "<group>";
		};
		784B52111F9775D2004C8D19 /* LaunchScreen.storyboard */ = {
			isa = PBXVariantGroup;
			children = (
				784B52121F9775D2004C8D19 /* Base */,
			);
			name = LaunchScreen.storyboard;
			sourceTree = "<group>";
		};
/* End PBXVariantGroup section */

/* Begin XCBuildConfiguration section */
		784B522B1F9775D2004C8D19 /* Debug */ = {
			isa = XCBuildConfiguration;
			buildSettings = {
				ALWAYS_SEARCH_USER_PATHS = NO;
				CLANG_ANALYZER_NONNULL = YES;
				CLANG_ANALYZER_NUMBER_OBJECT_CONVERSION = YES_AGGRESSIVE;
				CLANG_CXX_LANGUAGE_STANDARD = "gnu++14";
				CLANG_CXX_LIBRARY = "libc++";
				CLANG_ENABLE_MODULES = YES;
				CLANG_ENABLE_OBJC_ARC = YES;
				CLANG_WARN_BLOCK_CAPTURE_AUTORELEASING = YES;
				CLANG_WARN_BOOL_CONVERSION = YES;
				CLANG_WARN_COMMA = YES;
				CLANG_WARN_CONSTANT_CONVERSION = YES;
				CLANG_WARN_DIRECT_OBJC_ISA_USAGE = YES_ERROR;
				CLANG_WARN_DOCUMENTATION_COMMENTS = YES;
				CLANG_WARN_EMPTY_BODY = YES;
				CLANG_WARN_ENUM_CONVERSION = YES;
				CLANG_WARN_INFINITE_RECURSION = YES;
				CLANG_WARN_INT_CONVERSION = YES;
				CLANG_WARN_NON_LITERAL_NULL_CONVERSION = YES;
				CLANG_WARN_OBJC_LITERAL_CONVERSION = YES;
				CLANG_WARN_OBJC_ROOT_CLASS = YES_ERROR;
				CLANG_WARN_RANGE_LOOP_ANALYSIS = YES;
				CLANG_WARN_STRICT_PROTOTYPES = YES;
				CLANG_WARN_SUSPICIOUS_MOVE = YES;
				CLANG_WARN_UNGUARDED_AVAILABILITY = YES_AGGRESSIVE;
				CLANG_WARN_UNREACHABLE_CODE = YES;
				CLANG_WARN__DUPLICATE_METHOD_MATCH = YES;
				CODE_SIGN_IDENTITY = "iPhone Developer";
				COPY_PHASE_STRIP = NO;
				DEBUG_INFORMATION_FORMAT = dwarf;
				ENABLE_STRICT_OBJC_MSGSEND = YES;
				ENABLE_TESTABILITY = YES;
				GCC_C_LANGUAGE_STANDARD = gnu11;
				GCC_DYNAMIC_NO_PIC = NO;
				GCC_NO_COMMON_BLOCKS = YES;
				GCC_OPTIMIZATION_LEVEL = 0;
				GCC_PREPROCESSOR_DEFINITIONS = (
					"DEBUG=1",
					"$(inherited)",
				);
				GCC_WARN_64_TO_32_BIT_CONVERSION = YES;
				GCC_WARN_ABOUT_RETURN_TYPE = YES_ERROR;
				GCC_WARN_UNDECLARED_SELECTOR = YES;
				GCC_WARN_UNINITIALIZED_AUTOS = YES_AGGRESSIVE;
				GCC_WARN_UNUSED_FUNCTION = YES;
				GCC_WARN_UNUSED_VARIABLE = YES;
				IPHONEOS_DEPLOYMENT_TARGET = 11.0;
				MTL_ENABLE_DEBUG_INFO = YES;
				ONLY_ACTIVE_ARCH = YES;
				SDKROOT = iphoneos;
				SWIFT_ACTIVE_COMPILATION_CONDITIONS = DEBUG;
				SWIFT_OPTIMIZATION_LEVEL = "-Onone";
			};
			name = Debug;
		};
		784B522C1F9775D2004C8D19 /* Release */ = {
			isa = XCBuildConfiguration;
			buildSettings = {
				ALWAYS_SEARCH_USER_PATHS = NO;
				CLANG_ANALYZER_NONNULL = YES;
				CLANG_ANALYZER_NUMBER_OBJECT_CONVERSION = YES_AGGRESSIVE;
				CLANG_CXX_LANGUAGE_STANDARD = "gnu++14";
				CLANG_CXX_LIBRARY = "libc++";
				CLANG_ENABLE_MODULES = YES;
				CLANG_ENABLE_OBJC_ARC = YES;
				CLANG_WARN_BLOCK_CAPTURE_AUTORELEASING = YES;
				CLANG_WARN_BOOL_CONVERSION = YES;
				CLANG_WARN_COMMA = YES;
				CLANG_WARN_CONSTANT_CONVERSION = YES;
				CLANG_WARN_DIRECT_OBJC_ISA_USAGE = YES_ERROR;
				CLANG_WARN_DOCUMENTATION_COMMENTS = YES;
				CLANG_WARN_EMPTY_BODY = YES;
				CLANG_WARN_ENUM_CONVERSION = YES;
				CLANG_WARN_INFINITE_RECURSION = YES;
				CLANG_WARN_INT_CONVERSION = YES;
				CLANG_WARN_NON_LITERAL_NULL_CONVERSION = YES;
				CLANG_WARN_OBJC_LITERAL_CONVERSION = YES;
				CLANG_WARN_OBJC_ROOT_CLASS = YES_ERROR;
				CLANG_WARN_RANGE_LOOP_ANALYSIS = YES;
				CLANG_WARN_STRICT_PROTOTYPES = YES;
				CLANG_WARN_SUSPICIOUS_MOVE = YES;
				CLANG_WARN_UNGUARDED_AVAILABILITY = YES_AGGRESSIVE;
				CLANG_WARN_UNREACHABLE_CODE = YES;
				CLANG_WARN__DUPLICATE_METHOD_MATCH = YES;
				CODE_SIGN_IDENTITY = "iPhone Developer";
				COPY_PHASE_STRIP = NO;
				DEBUG_INFORMATION_FORMAT = "dwarf-with-dsym";
				ENABLE_NS_ASSERTIONS = NO;
				ENABLE_STRICT_OBJC_MSGSEND = YES;
				GCC_C_LANGUAGE_STANDARD = gnu11;
				GCC_NO_COMMON_BLOCKS = YES;
				GCC_WARN_64_TO_32_BIT_CONVERSION = YES;
				GCC_WARN_ABOUT_RETURN_TYPE = YES_ERROR;
				GCC_WARN_UNDECLARED_SELECTOR = YES;
				GCC_WARN_UNINITIALIZED_AUTOS = YES_AGGRESSIVE;
				GCC_WARN_UNUSED_FUNCTION = YES;
				GCC_WARN_UNUSED_VARIABLE = YES;
				IPHONEOS_DEPLOYMENT_TARGET = 11.0;
				MTL_ENABLE_DEBUG_INFO = NO;
				SDKROOT = iphoneos;
				SWIFT_OPTIMIZATION_LEVEL = "-Owholemodule";
				VALIDATE_PRODUCT = YES;
			};
			name = Release;
		};
		784B522E1F9775D2004C8D19 /* Debug */ = {
			isa = XCBuildConfiguration;
			buildSettings = {
				ASSETCATALOG_COMPILER_APPICON_NAME = AppIcon;
				CODE_SIGN_STYLE = Automatic;
				INFOPLIST_FILE = "Project03- FindMyLocation/Info.plist";
				LD_RUNPATH_SEARCH_PATHS = "$(inherited) @executable_path/Frameworks";
				PRODUCT_BUNDLE_IDENTIFIER = "Ths.Project03--FindMyLocation";
				PRODUCT_NAME = "$(TARGET_NAME)";
				SWIFT_VERSION = 4.0;
				TARGETED_DEVICE_FAMILY = "1,2";
			};
			name = Debug;
		};
		784B522F1F9775D2004C8D19 /* Release */ = {
			isa = XCBuildConfiguration;
			buildSettings = {
				ASSETCATALOG_COMPILER_APPICON_NAME = AppIcon;
				CODE_SIGN_STYLE = Automatic;
				INFOPLIST_FILE = "Project03- FindMyLocation/Info.plist";
				LD_RUNPATH_SEARCH_PATHS = "$(inherited) @executable_path/Frameworks";
				PRODUCT_BUNDLE_IDENTIFIER = "Ths.Project03--FindMyLocation";
				PRODUCT_NAME = "$(TARGET_NAME)";
				SWIFT_VERSION = 4.0;
				TARGETED_DEVICE_FAMILY = "1,2";
			};
			name = Release;
		};
		784B52311F9775D2004C8D19 /* Debug */ = {
			isa = XCBuildConfiguration;
			buildSettings = {
				ALWAYS_EMBED_SWIFT_STANDARD_LIBRARIES = YES;
				BUNDLE_LOADER = "$(TEST_HOST)";
				CODE_SIGN_STYLE = Automatic;
				INFOPLIST_FILE = "Project03- FindMyLocationTests/Info.plist";
				LD_RUNPATH_SEARCH_PATHS = "$(inherited) @executable_path/Frameworks @loader_path/Frameworks";
				PRODUCT_BUNDLE_IDENTIFIER = "Ths.Project03--FindMyLocationTests";
				PRODUCT_NAME = "$(TARGET_NAME)";
				SWIFT_VERSION = 4.0;
				TARGETED_DEVICE_FAMILY = "1,2";
				TEST_HOST = "$(BUILT_PRODUCTS_DIR)/Project03- FindMyLocation.app/Project03- FindMyLocation";
			};
			name = Debug;
		};
		784B52321F9775D2004C8D19 /* Release */ = {
			isa = XCBuildConfiguration;
			buildSettings = {
				ALWAYS_EMBED_SWIFT_STANDARD_LIBRARIES = YES;
				BUNDLE_LOADER = "$(TEST_HOST)";
				CODE_SIGN_STYLE = Automatic;
				INFOPLIST_FILE = "Project03- FindMyLocationTests/Info.plist";
				LD_RUNPATH_SEARCH_PATHS = "$(inherited) @executable_path/Frameworks @loader_path/Frameworks";
				PRODUCT_BUNDLE_IDENTIFIER = "Ths.Project03--FindMyLocationTests";
				PRODUCT_NAME = "$(TARGET_NAME)";
				SWIFT_VERSION = 4.0;
				TARGETED_DEVICE_FAMILY = "1,2";
				TEST_HOST = "$(BUILT_PRODUCTS_DIR)/Project03- FindMyLocation.app/Project03- FindMyLocation";
			};
			name = Release;
		};
		784B52341F9775D2004C8D19 /* Debug */ = {
			isa = XCBuildConfiguration;
			buildSettings = {
				ALWAYS_EMBED_SWIFT_STANDARD_LIBRARIES = YES;
				CODE_SIGN_STYLE = Automatic;
				INFOPLIST_FILE = "Project03- FindMyLocationUITests/Info.plist";
				LD_RUNPATH_SEARCH_PATHS = "$(inherited) @executable_path/Frameworks @loader_path/Frameworks";
				PRODUCT_BUNDLE_IDENTIFIER = "Ths.Project03--FindMyLocationUITests";
				PRODUCT_NAME = "$(TARGET_NAME)";
				SWIFT_VERSION = 4.0;
				TARGETED_DEVICE_FAMILY = "1,2";
				TEST_TARGET_NAME = "Project03- FindMyLocation";
			};
			name = Debug;
		};
		784B52351F9775D2004C8D19 /* Release */ = {
			isa = XCBuildConfiguration;
			buildSettings = {
				ALWAYS_EMBED_SWIFT_STANDARD_LIBRARIES = YES;
				CODE_SIGN_STYLE = Automatic;
				INFOPLIST_FILE = "Project03- FindMyLocationUITests/Info.plist";
				LD_RUNPATH_SEARCH_PATHS = "$(inherited) @executable_path/Frameworks @loader_path/Frameworks";
				PRODUCT_BUNDLE_IDENTIFIER = "Ths.Project03--FindMyLocationUITests";
				PRODUCT_NAME = "$(TARGET_NAME)";
				SWIFT_VERSION = 4.0;
				TARGETED_DEVICE_FAMILY = "1,2";
				TEST_TARGET_NAME = "Project03- FindMyLocation";
			};
			name = Release;
		};
/* End XCBuildConfiguration section */

/* Begin XCConfigurationList section */
		784B52001F9775D2004C8D19 /* Build configuration list for PBXProject "Project03- FindMyLocation" */ = {
			isa = XCConfigurationList;
			buildConfigurations = (
				784B522B1F9775D2004C8D19 /* Debug */,
				784B522C1F9775D2004C8D19 /* Release */,
			);
			defaultConfigurationIsVisible = 0;
			defaultConfigurationName = Release;
		};
		784B522D1F9775D2004C8D19 /* Build configuration list for PBXNativeTarget "Project03- FindMyLocation" */ = {
			isa = XCConfigurationList;
			buildConfigurations = (
				784B522E1F9775D2004C8D19 /* Debug */,
				784B522F1F9775D2004C8D19 /* Release */,
			);
			defaultConfigurationIsVisible = 0;
			defaultConfigurationName = Release;
		};
		784B52301F9775D2004C8D19 /* Build configuration list for PBXNativeTarget "Project03- FindMyLocationTests" */ = {
			isa = XCConfigurationList;
			buildConfigurations = (
				784B52311F9775D2004C8D19 /* Debug */,
				784B52321F9775D2004C8D19 /* Release */,
			);
			defaultConfigurationIsVisible = 0;
			defaultConfigurationName = Release;
		};
		784B52331F9775D2004C8D19 /* Build configuration list for PBXNativeTarget "Project03- FindMyLocationUITests" */ = {
			isa = XCConfigurationList;
			buildConfigurations = (
				784B52341F9775D2004C8D19 /* Debug */,
				784B52351F9775D2004C8D19 /* Release */,
			);
			defaultConfigurationIsVisible = 0;
			defaultConfigurationName = Release;
		};
/* End XCConfigurationList section */
	};
	rootObject = 784B51FD1F9775D2004C8D19 /* Project object */;
}
