// !$*UTF8*$!
{
	archiveVersion = 1;
	classes = {
	};
	objectVersion = 48;
	objects = {

/* Begin PBXBuildFile section */
		78EEA74E1F98847500B731F7 /* AppDelegate.swift in Sources */ = {isa = PBXBuildFile; fileRef = 78EEA74D1F98847500B731F7 /* AppDelegate.swift */; };
		78EEA7501F98847500B731F7 /* ViewController.swift in Sources */ = {isa = PBXBuildFile; fileRef = 78EEA74F1F98847500B731F7 /* ViewController.swift */; };
		78EEA7531F98847500B731F7 /* Main.storyboard in Resources */ = {isa = PBXBuildFile; fileRef = 78EEA7511F98847500B731F7 /* Main.storyboard */; };
		78EEA7551F98847500B731F7 /* Assets.xcassets in Resources */ = {isa = PBXBuildFile; fileRef = 78EEA7541F98847500B731F7 /* Assets.xcassets */; };
		78EEA7581F98847500B731F7 /* LaunchScreen.storyboard in Resources */ = {isa = PBXBuildFile; fileRef = 78EEA7561F98847500B731F7 /* LaunchScreen.storyboard */; };
		78EEA7631F98847500B731F7 /* Project05___3DTouchTests.swift in Sources */ = {isa = PBXBuildFile; fileRef = 78EEA7621F98847500B731F7 /* Project05___3DTouchTests.swift */; };
		78EEA76E1F98847500B731F7 /* Project05___3DTouchUITests.swift in Sources */ = {isa = PBXBuildFile; fileRef = 78EEA76D1F98847500B731F7 /* Project05___3DTouchUITests.swift */; };
		78EEA77C1F98C1C300B731F7 /* Type1ViewController.swift in Sources */ = {isa = PBXBuildFile; fileRef = 78EEA77B1F98C1C300B731F7 /* Type1ViewController.swift */; };
		78EEA77E1F98C1CE00B731F7 /* Type2ViewController.swift in Sources */ = {isa = PBXBuildFile; fileRef = 78EEA77D1F98C1CE00B731F7 /* Type2ViewController.swift */; };
/* End PBXBuildFile section */

/* Begin PBXContainerItemProxy section */
		78EEA75F1F98847500B731F7 /* PBXContainerItemProxy */ = {
			isa = PBXContainerItemProxy;
			containerPortal = 78EEA7421F98847500B731F7 /* Project object */;
			proxyType = 1;
			remoteGlobalIDString = 78EEA7491F98847500B731F7;
			remoteInfo = "Project05 - 3DTouch";
		};
		78EEA76A1F98847500B731F7 /* PBXContainerItemProxy */ = {
			isa = PBXContainerItemProxy;
			containerPortal = 78EEA7421F98847500B731F7 /* Project object */;
			proxyType = 1;
			remoteGlobalIDString = 78EEA7491F98847500B731F7;
			remoteInfo = "Project05 - 3DTouch";
		};
/* End PBXContainerItemProxy section */

/* Begin PBXFileReference section */
		78EEA74A1F98847500B731F7 /* Project05 - 3DTouch.app */ = {isa = PBXFileReference; explicitFileType = wrapper.application; includeInIndex = 0; path = "Project05 - 3DTouch.app"; sourceTree = BUILT_PRODUCTS_DIR; };
		78EEA74D1F98847500B731F7 /* AppDelegate.swift */ = {isa = PBXFileReference; lastKnownFileType = sourcecode.swift; path = AppDelegate.swift; sourceTree = "<group>"; };
		78EEA74F1F98847500B731F7 /* ViewController.swift */ = {isa = PBXFileReference; lastKnownFileType = sourcecode.swift; path = ViewController.swift; sourceTree = "<group>"; };
		78EEA7521F98847500B731F7 /* Base */ = {isa = PBXFileReference; lastKnownFileType = file.storyboard; name = Base; path = Base.lproj/Main.storyboard; sourceTree = "<group>"; };
		78EEA7541F98847500B731F7 /* Assets.xcassets */ = {isa = PBXFileReference; lastKnownFileType = folder.assetcatalog; path = Assets.xcassets; sourceTree = "<group>"; };
		78EEA7571F98847500B731F7 /* Base */ = {isa = PBXFileReference; lastKnownFileType = file.storyboard; name = Base; path = Base.lproj/LaunchScreen.storyboard; sourceTree = "<group>"; };
		78EEA7591F98847500B731F7 /* Info.plist */ = {isa = PBXFileReference; lastKnownFileType = text.plist.xml; path = Info.plist; sourceTree = "<group>"; };
		78EEA75E1F98847500B731F7 /* Project05 - 3DTouchTests.xctest */ = {isa = PBXFileReference; explicitFileType = wrapper.cfbundle; includeInIndex = 0; path = "Project05 - 3DTouchTests.xctest"; sourceTree = BUILT_PRODUCTS_DIR; };
		78EEA7621F98847500B731F7 /* Project05___3DTouchTests.swift */ = {isa = PBXFileReference; lastKnownFileType = sourcecode.swift; path = "Project05___3DTouchTests.swift"; sourceTree = "<group>"; };
		78EEA7641F98847500B731F7 /* Info.plist */ = {isa = PBXFileReference; lastKnownFileType = text.plist.xml; path = Info.plist; sourceTree = "<group>"; };
		78EEA7691F98847500B731F7 /* Project05 - 3DTouchUITests.xctest */ = {isa = PBXFileReference; explicitFileType = wrapper.cfbundle; includeInIndex = 0; path = "Project05 - 3DTouchUITests.xctest"; sourceTree = BUILT_PRODUCTS_DIR; };
		78EEA76D1F98847500B731F7 /* Project05___3DTouchUITests.swift */ = {isa = PBXFileReference; lastKnownFileType = sourcecode.swift; path = "Project05___3DTouchUITests.swift"; sourceTree = "<group>"; };
		78EEA76F1F98847500B731F7 /* Info.plist */ = {isa = PBXFileReference; lastKnownFileType = text.plist.xml; path = Info.plist; sourceTree = "<group>"; };
		78EEA77B1F98C1C300B731F7 /* Type1ViewController.swift */ = {isa = PBXFileReference; lastKnownFileType = sourcecode.swift; path = Type1ViewController.swift; sourceTree = "<group>"; };
		78EEA77D1F98C1CE00B731F7 /* Type2ViewController.swift */ = {isa = PBXFileReference; lastKnownFileType = sourcecode.swift; path = Type2ViewController.swift; sourceTree = "<group>"; };
/* End PBXFileReference section */

/* Begin PBXFrameworksBuildPhase section */
		78EEA7471F98847500B731F7 /* Frameworks */ = {
			isa = PBXFrameworksBuildPhase;
			buildActionMask = 2147483647;
			files = (
			);
			runOnlyForDeploymentPostprocessing = 0;
		};
		78EEA75B1F98847500B731F7 /* Frameworks */ = {
			isa = PBXFrameworksBuildPhase;
			buildActionMask = 2147483647;
			files = (
			);
			runOnlyForDeploymentPostprocessing = 0;
		};
		78EEA7661F98847500B731F7 /* Frameworks */ = {
			isa = PBXFrameworksBuildPhase;
			buildActionMask = 2147483647;
			files = (
			);
			runOnlyForDeploymentPostprocessing = 0;
		};
/* End PBXFrameworksBuildPhase section */

/* Begin PBXGroup section */
		78EEA7411F98847500B731F7 = {
			isa = PBXGroup;
			children = (
				78EEA74C1F98847500B731F7 /* Project05 - 3DTouch */,
				78EEA7611F98847500B731F7 /* Project05 - 3DTouchTests */,
				78EEA76C1F98847500B731F7 /* Project05 - 3DTouchUITests */,
				78EEA74B1F98847500B731F7 /* Products */,
			);
			sourceTree = "<group>";
		};
		78EEA74B1F98847500B731F7 /* Products */ = {
			isa = PBXGroup;
			children = (
				78EEA74A1F98847500B731F7 /* Project05 - 3DTouch.app */,
				78EEA75E1F98847500B731F7 /* Project05 - 3DTouchTests.xctest */,
				78EEA7691F98847500B731F7 /* Project05 - 3DTouchUITests.xctest */,
			);
			name = Products;
			sourceTree = "<group>";
		};
		78EEA74C1F98847500B731F7 /* Project05 - 3DTouch */ = {
			isa = PBXGroup;
			children = (
				78EEA74D1F98847500B731F7 /* AppDelegate.swift */,
				78EEA74F1F98847500B731F7 /* ViewController.swift */,
				78EEA7511F98847500B731F7 /* Main.storyboard */,
				78EEA7541F98847500B731F7 /* Assets.xcassets */,
				78EEA7561F98847500B731F7 /* LaunchScreen.storyboard */,
				78EEA7591F98847500B731F7 /* Info.plist */,
				78EEA77B1F98C1C300B731F7 /* Type1ViewController.swift */,
				78EEA77D1F98C1CE00B731F7 /* Type2ViewController.swift */,
			);
			path = "Project05 - 3DTouch";
			sourceTree = "<group>";
		};
		78EEA7611F98847500B731F7 /* Project05 - 3DTouchTests */ = {
			isa = PBXGroup;
			children = (
				78EEA7621F98847500B731F7 /* Project05___3DTouchTests.swift */,
				78EEA7641F98847500B731F7 /* Info.plist */,
			);
			path = "Project05 - 3DTouchTests";
			sourceTree = "<group>";
		};
		78EEA76C1F98847500B731F7 /* Project05 - 3DTouchUITests */ = {
			isa = PBXGroup;
			children = (
				78EEA76D1F98847500B731F7 /* Project05___3DTouchUITests.swift */,
				78EEA76F1F98847500B731F7 /* Info.plist */,
			);
			path = "Project05 - 3DTouchUITests";
			sourceTree = "<group>";
		};
/* End PBXGroup section */

/* Begin PBXNativeTarget section */
		78EEA7491F98847500B731F7 /* Project05 - 3DTouch */ = {
			isa = PBXNativeTarget;
			buildConfigurationList = 78EEA7721F98847500B731F7 /* Build configuration list for PBXNativeTarget "Project05 - 3DTouch" */;
			buildPhases = (
				78EEA7461F98847500B731F7 /* Sources */,
				78EEA7471F98847500B731F7 /* Frameworks */,
				78EEA7481F98847500B731F7 /* Resources */,
			);
			buildRules = (
			);
			dependencies = (
			);
			name = "Project05 - 3DTouch";
			productName = "Project05 - 3DTouch";
			productReference = 78EEA74A1F98847500B731F7 /* Project05 - 3DTouch.app */;
			productType = "com.apple.product-type.application";
		};
		78EEA75D1F98847500B731F7 /* Project05 - 3DTouchTests */ = {
			isa = PBXNativeTarget;
			buildConfigurationList = 78EEA7751F98847500B731F7 /* Build configuration list for PBXNativeTarget "Project05 - 3DTouchTests" */;
			buildPhases = (
				78EEA75A1F98847500B731F7 /* Sources */,
				78EEA75B1F98847500B731F7 /* Frameworks */,
				78EEA75C1F98847500B731F7 /* Resources */,
			);
			buildRules = (
			);
			dependencies = (
				78EEA7601F98847500B731F7 /* PBXTargetDependency */,
			);
			name = "Project05 - 3DTouchTests";
			productName = "Project05 - 3DTouchTests";
			productReference = 78EEA75E1F98847500B731F7 /* Project05 - 3DTouchTests.xctest */;
			productType = "com.apple.product-type.bundle.unit-test";
		};
		78EEA7681F98847500B731F7 /* Project05 - 3DTouchUITests */ = {
			isa = PBXNativeTarget;
			buildConfigurationList = 78EEA7781F98847500B731F7 /* Build configuration list for PBXNativeTarget "Project05 - 3DTouchUITests" */;
			buildPhases = (
				78EEA7651F98847500B731F7 /* Sources */,
				78EEA7661F98847500B731F7 /* Frameworks */,
				78EEA7671F98847500B731F7 /* Resources */,
			);
			buildRules = (
			);
			dependencies = (
				78EEA76B1F98847500B731F7 /* PBXTargetDependency */,
			);
			name = "Project05 - 3DTouchUITests";
			productName = "Project05 - 3DTouchUITests";
			productReference = 78EEA7691F98847500B731F7 /* Project05 - 3DTouchUITests.xctest */;
			productType = "com.apple.product-type.bundle.ui-testing";
		};
/* End PBXNativeTarget section */

/* Begin PBXProject section */
		78EEA7421F98847500B731F7 /* Project object */ = {
			isa = PBXProject;
			attributes = {
				LastSwiftUpdateCheck = 0900;
				LastUpgradeCheck = 0900;
				ORGANIZATIONNAME = zhouxinfang;
				TargetAttributes = {
					78EEA7491F98847500B731F7 = {
						CreatedOnToolsVersion = 9.0;
						ProvisioningStyle = Manual;
					};
					78EEA75D1F98847500B731F7 = {
						CreatedOnToolsVersion = 9.0;
						ProvisioningStyle = Automatic;
						TestTargetID = 78EEA7491F98847500B731F7;
					};
					78EEA7681F98847500B731F7 = {
						CreatedOnToolsVersion = 9.0;
						ProvisioningStyle = Automatic;
						TestTargetID = 78EEA7491F98847500B731F7;
					};
				};
			};
			buildConfigurationList = 78EEA7451F98847500B731F7 /* Build configuration list for PBXProject "Project05 - 3DTouch" */;
			compatibilityVersion = "Xcode 8.0";
			developmentRegion = en;
			hasScannedForEncodings = 0;
			knownRegions = (
				en,
				Base,
			);
			mainGroup = 78EEA7411F98847500B731F7;
			productRefGroup = 78EEA74B1F98847500B731F7 /* Products */;
			projectDirPath = "";
			projectRoot = "";
			targets = (
				78EEA7491F98847500B731F7 /* Project05 - 3DTouch */,
				78EEA75D1F98847500B731F7 /* Project05 - 3DTouchTests */,
				78EEA7681F98847500B731F7 /* Project05 - 3DTouchUITests */,
			);
		};
/* End PBXProject section */

/* Begin PBXResourcesBuildPhase section */
		78EEA7481F98847500B731F7 /* Resources */ = {
			isa = PBXResourcesBuildPhase;
			buildActionMask = 2147483647;
			files = (
				78EEA7581F98847500B731F7 /* LaunchScreen.storyboard in Resources */,
				78EEA7551F98847500B731F7 /* Assets.xcassets in Resources */,
				78EEA7531F98847500B731F7 /* Main.storyboard in Resources */,
			);
			runOnlyForDeploymentPostprocessing = 0;
		};
		78EEA75C1F98847500B731F7 /* Resources */ = {
			isa = PBXResourcesBuildPhase;
			buildActionMask = 2147483647;
			files = (
			);
			runOnlyForDeploymentPostprocessing = 0;
		};
		78EEA7671F98847500B731F7 /* Resources */ = {
			isa = PBXResourcesBuildPhase;
			buildActionMask = 2147483647;
			files = (
			);
			runOnlyForDeploymentPostprocessing = 0;
		};
/* End PBXResourcesBuildPhase section */

/* Begin PBXSourcesBuildPhase section */
		78EEA7461F98847500B731F7 /* Sources */ = {
			isa = PBXSourcesBuildPhase;
			buildActionMask = 2147483647;
			files = (
				78EEA77C1F98C1C300B731F7 /* Type1ViewController.swift in Sources */,
				78EEA7501F98847500B731F7 /* ViewController.swift in Sources */,
				78EEA74E1F98847500B731F7 /* AppDelegate.swift in Sources */,
				78EEA77E1F98C1CE00B731F7 /* Type2ViewController.swift in Sources */,
			);
			runOnlyForDeploymentPostprocessing = 0;
		};
		78EEA75A1F98847500B731F7 /* Sources */ = {
			isa = PBXSourcesBuildPhase;
			buildActionMask = 2147483647;
			files = (
				78EEA7631F98847500B731F7 /* Project05___3DTouchTests.swift in Sources */,
			);
			runOnlyForDeploymentPostprocessing = 0;
		};
		78EEA7651F98847500B731F7 /* Sources */ = {
			isa = PBXSourcesBuildPhase;
			buildActionMask = 2147483647;
			files = (
				78EEA76E1F98847500B731F7 /* Project05___3DTouchUITests.swift in Sources */,
			);
			runOnlyForDeploymentPostprocessing = 0;
		};
/* End PBXSourcesBuildPhase section */

/* Begin PBXTargetDependency section */
		78EEA7601F98847500B731F7 /* PBXTargetDependency */ = {
			isa = PBXTargetDependency;
			target = 78EEA7491F98847500B731F7 /* Project05 - 3DTouch */;
			targetProxy = 78EEA75F1F98847500B731F7 /* PBXContainerItemProxy */;
		};
		78EEA76B1F98847500B731F7 /* PBXTargetDependency */ = {
			isa = PBXTargetDependency;
			target = 78EEA7491F98847500B731F7 /* Project05 - 3DTouch */;
			targetProxy = 78EEA76A1F98847500B731F7 /* PBXContainerItemProxy */;
		};
/* End PBXTargetDependency section */

/* Begin PBXVariantGroup section */
		78EEA7511F98847500B731F7 /* Main.storyboard */ = {
			isa = PBXVariantGroup;
			children = (
				78EEA7521F98847500B731F7 /* Base */,
			);
			name = Main.storyboard;
			sourceTree = "<group>";
		};
		78EEA7561F98847500B731F7 /* LaunchScreen.storyboard */ = {
			isa = PBXVariantGroup;
			children = (
				78EEA7571F98847500B731F7 /* Base */,
			);
			name = LaunchScreen.storyboard;
			sourceTree = "<group>";
		};
/* End PBXVariantGroup section */

/* Begin XCBuildConfiguration section */
		78EEA7701F98847500B731F7 /* Debug */ = {
			isa = XCBuildConfiguration;
			buildSettings = {
				ALWAYS_SEARCH_USER_PATHS = NO;
				CLANG_ANALYZER_NONNULL = YES;
				CLANG_ANALYZER_NUMBER_OBJECT_CONVERSION = YES_AGGRESSIVE;
				CLANG_CXX_LANGUAGE_STANDARD = "gnu++14";
				CLANG_CXX_LIBRARY = "libc++";
				CLANG_ENABLE_MODULES = YES;
				CLANG_ENABLE_OBJC_ARC = YES;
				CLANG_WARN_BLOCK_CAPTURE_AUTORELEASING = YES;
				CLANG_WARN_BOOL_CONVERSION = YES;
				CLANG_WARN_COMMA = YES;
				CLANG_WARN_CONSTANT_CONVERSION = YES;
				CLANG_WARN_DIRECT_OBJC_ISA_USAGE = YES_ERROR;
				CLANG_WARN_DOCUMENTATION_COMMENTS = YES;
				CLANG_WARN_EMPTY_BODY = YES;
				CLANG_WARN_ENUM_CONVERSION = YES;
				CLANG_WARN_INFINITE_RECURSION = YES;
				CLANG_WARN_INT_CONVERSION = YES;
				CLANG_WARN_NON_LITERAL_NULL_CONVERSION = YES;
				CLANG_WARN_OBJC_LITERAL_CONVERSION = YES;
				CLANG_WARN_OBJC_ROOT_CLASS = YES_ERROR;
				CLANG_WARN_RANGE_LOOP_ANALYSIS = YES;
				CLANG_WARN_STRICT_PROTOTYPES = YES;
				CLANG_WARN_SUSPICIOUS_MOVE = YES;
				CLANG_WARN_UNGUARDED_AVAILABILITY = YES_AGGRESSIVE;
				CLANG_WARN_UNREACHABLE_CODE = YES;
				CLANG_WARN__DUPLICATE_METHOD_MATCH = YES;
				CODE_SIGN_IDENTITY = "iPhone Developer";
				COPY_PHASE_STRIP = NO;
				DEBUG_INFORMATION_FORMAT = dwarf;
				ENABLE_STRICT_OBJC_MSGSEND = YES;
				ENABLE_TESTABILITY = YES;
				GCC_C_LANGUAGE_STANDARD = gnu11;
				GCC_DYNAMIC_NO_PIC = NO;
				GCC_NO_COMMON_BLOCKS = YES;
				GCC_OPTIMIZATION_LEVEL = 0;
				GCC_PREPROCESSOR_DEFINITIONS = (
					"DEBUG=1",
					"$(inherited)",
				);
				GCC_WARN_64_TO_32_BIT_CONVERSION = YES;
				GCC_WARN_ABOUT_RETURN_TYPE = YES_ERROR;
				GCC_WARN_UNDECLARED_SELECTOR = YES;
				GCC_WARN_UNINITIALIZED_AUTOS = YES_AGGRESSIVE;
				GCC_WARN_UNUSED_FUNCTION = YES;
				GCC_WARN_UNUSED_VARIABLE = YES;
				IPHONEOS_DEPLOYMENT_TARGET = 9.0;
				MTL_ENABLE_DEBUG_INFO = YES;
				ONLY_ACTIVE_ARCH = YES;
				SDKROOT = iphoneos;
				SWIFT_ACTIVE_COMPILATION_CONDITIONS = DEBUG;
				SWIFT_OPTIMIZATION_LEVEL = "-Onone";
			};
			name = Debug;
		};
		78EEA7711F98847500B731F7 /* Release */ = {
			isa = XCBuildConfiguration;
			buildSettings = {
				ALWAYS_SEARCH_USER_PATHS = NO;
				CLANG_ANALYZER_NONNULL = YES;
				CLANG_ANALYZER_NUMBER_OBJECT_CONVERSION = YES_AGGRESSIVE;
				CLANG_CXX_LANGUAGE_STANDARD = "gnu++14";
				CLANG_CXX_LIBRARY = "libc++";
				CLANG_ENABLE_MODULES = YES;
				CLANG_ENABLE_OBJC_ARC = YES;
				CLANG_WARN_BLOCK_CAPTURE_AUTORELEASING = YES;
				CLANG_WARN_BOOL_CONVERSION = YES;
				CLANG_WARN_COMMA = YES;
				CLANG_WARN_CONSTANT_CONVERSION = YES;
				CLANG_WARN_DIRECT_OBJC_ISA_USAGE = YES_ERROR;
				CLANG_WARN_DOCUMENTATION_COMMENTS = YES;
				CLANG_WARN_EMPTY_BODY = YES;
				CLANG_WARN_ENUM_CONVERSION = YES;
				CLANG_WARN_INFINITE_RECURSION = YES;
				CLANG_WARN_INT_CONVERSION = YES;
				CLANG_WARN_NON_LITERAL_NULL_CONVERSION = YES;
				CLANG_WARN_OBJC_LITERAL_CONVERSION = YES;
				CLANG_WARN_OBJC_ROOT_CLASS = YES_ERROR;
				CLANG_WARN_RANGE_LOOP_ANALYSIS = YES;
				CLANG_WARN_STRICT_PROTOTYPES = YES;
				CLANG_WARN_SUSPICIOUS_MOVE = YES;
				CLANG_WARN_UNGUARDED_AVAILABILITY = YES_AGGRESSIVE;
				CLANG_WARN_UNREACHABLE_CODE = YES;
				CLANG_WARN__DUPLICATE_METHOD_MATCH = YES;
				CODE_SIGN_IDENTITY = "iPhone Developer";
				COPY_PHASE_STRIP = NO;
				DEBUG_INFORMATION_FORMAT = "dwarf-with-dsym";
				ENABLE_NS_ASSERTIONS = NO;
				ENABLE_STRICT_OBJC_MSGSEND = YES;
				GCC_C_LANGUAGE_STANDARD = gnu11;
				GCC_NO_COMMON_BLOCKS = YES;
				GCC_WARN_64_TO_32_BIT_CONVERSION = YES;
				GCC_WARN_ABOUT_RETURN_TYPE = YES_ERROR;
				GCC_WARN_UNDECLARED_SELECTOR = YES;
				GCC_WARN_UNINITIALIZED_AUTOS = YES_AGGRESSIVE;
				GCC_WARN_UNUSED_FUNCTION = YES;
				GCC_WARN_UNUSED_VARIABLE = YES;
				IPHONEOS_DEPLOYMENT_TARGET = 9.0;
				MTL_ENABLE_DEBUG_INFO = NO;
				SDKROOT = iphoneos;
				SWIFT_OPTIMIZATION_LEVEL = "-Owholemodule";
				VALIDATE_PRODUCT = YES;
			};
			name = Release;
		};
		78EEA7731F98847500B731F7 /* Debug */ = {
			isa = XCBuildConfiguration;
			buildSettings = {
				ASSETCATALOG_COMPILER_APPICON_NAME = AppIcon;
				CODE_SIGN_STYLE = Manual;
				DEVELOPMENT_TEAM = 74EG3R33SN;
				INFOPLIST_FILE = "Project05 - 3DTouch/Info.plist";
				LD_RUNPATH_SEARCH_PATHS = "$(inherited) @executable_path/Frameworks";
				PRODUCT_BUNDLE_IDENTIFIER = cn.com.10jqka.iHexinFee;
				PRODUCT_NAME = "$(TARGET_NAME)";
				PROVISIONING_PROFILE = "268cb600-7e70-4d14-bc3f-6b88711b79f5";
				PROVISIONING_PROFILE_SPECIFIER = "";
				SWIFT_VERSION = 4.0;
				TARGETED_DEVICE_FAMILY = "1,2";
			};
			name = Debug;
		};
		78EEA7741F98847500B731F7 /* Release */ = {
			isa = XCBuildConfiguration;
			buildSettings = {
				ASSETCATALOG_COMPILER_APPICON_NAME = AppIcon;
				CODE_SIGN_STYLE = Manual;
				DEVELOPMENT_TEAM = 74EG3R33SN;
				INFOPLIST_FILE = "Project05 - 3DTouch/Info.plist";
				LD_RUNPATH_SEARCH_PATHS = "$(inherited) @executable_path/Frameworks";
				PRODUCT_BUNDLE_IDENTIFIER = cn.com.10jqka.iHexinFee;
				PRODUCT_NAME = "$(TARGET_NAME)";
				PROVISIONING_PROFILE = "268cb600-7e70-4d14-bc3f-6b88711b79f5";
				PROVISIONING_PROFILE_SPECIFIER = "";
				SWIFT_VERSION = 4.0;
				TARGETED_DEVICE_FAMILY = "1,2";
			};
			name = Release;
		};
		78EEA7761F98847500B731F7 /* Debug */ = {
			isa = XCBuildConfiguration;
			buildSettings = {
				ALWAYS_EMBED_SWIFT_STANDARD_LIBRARIES = YES;
				BUNDLE_LOADER = "$(TEST_HOST)";
				CODE_SIGN_STYLE = Automatic;
				INFOPLIST_FILE = "Project05 - 3DTouchTests/Info.plist";
				LD_RUNPATH_SEARCH_PATHS = "$(inherited) @executable_path/Frameworks @loader_path/Frameworks";
				PRODUCT_BUNDLE_IDENTIFIER = "Ths.Project05---3DTouchTests";
				PRODUCT_NAME = "$(TARGET_NAME)";
				SWIFT_VERSION = 4.0;
				TARGETED_DEVICE_FAMILY = "1,2";
				TEST_HOST = "$(BUILT_PRODUCTS_DIR)/Project05 - 3DTouch.app/Project05 - 3DTouch";
			};
			name = Debug;
		};
		78EEA7771F98847500B731F7 /* Release */ = {
			isa = XCBuildConfiguration;
			buildSettings = {
				ALWAYS_EMBED_SWIFT_STANDARD_LIBRARIES = YES;
				BUNDLE_LOADER = "$(TEST_HOST)";
				CODE_SIGN_STYLE = Automatic;
				INFOPLIST_FILE = "Project05 - 3DTouchTests/Info.plist";
				LD_RUNPATH_SEARCH_PATHS = "$(inherited) @executable_path/Frameworks @loader_path/Frameworks";
				PRODUCT_BUNDLE_IDENTIFIER = "Ths.Project05---3DTouchTests";
				PRODUCT_NAME = "$(TARGET_NAME)";
				SWIFT_VERSION = 4.0;
				TARGETED_DEVICE_FAMILY = "1,2";
				TEST_HOST = "$(BUILT_PRODUCTS_DIR)/Project05 - 3DTouch.app/Project05 - 3DTouch";
			};
			name = Release;
		};
		78EEA7791F98847500B731F7 /* Debug */ = {
			isa = XCBuildConfiguration;
			buildSettings = {
				ALWAYS_EMBED_SWIFT_STANDARD_LIBRARIES = YES;
				CODE_SIGN_STYLE = Automatic;
				INFOPLIST_FILE = "Project05 - 3DTouchUITests/Info.plist";
				LD_RUNPATH_SEARCH_PATHS = "$(inherited) @executable_path/Frameworks @loader_path/Frameworks";
				PRODUCT_BUNDLE_IDENTIFIER = "Ths.Project05---3DTouchUITests";
				PRODUCT_NAME = "$(TARGET_NAME)";
				SWIFT_VERSION = 4.0;
				TARGETED_DEVICE_FAMILY = "1,2";
				TEST_TARGET_NAME = "Project05 - 3DTouch";
			};
			name = Debug;
		};
		78EEA77A1F98847500B731F7 /* Release */ = {
			isa = XCBuildConfiguration;
			buildSettings = {
				ALWAYS_EMBED_SWIFT_STANDARD_LIBRARIES = YES;
				CODE_SIGN_STYLE = Automatic;
				INFOPLIST_FILE = "Project05 - 3DTouchUITests/Info.plist";
				LD_RUNPATH_SEARCH_PATHS = "$(inherited) @executable_path/Frameworks @loader_path/Frameworks";
				PRODUCT_BUNDLE_IDENTIFIER = "Ths.Project05---3DTouchUITests";
				PRODUCT_NAME = "$(TARGET_NAME)";
				SWIFT_VERSION = 4.0;
				TARGETED_DEVICE_FAMILY = "1,2";
				TEST_TARGET_NAME = "Project05 - 3DTouch";
			};
			name = Release;
		};
/* End XCBuildConfiguration section */

/* Begin XCConfigurationList section */
		78EEA7451F98847500B731F7 /* Build configuration list for PBXProject "Project05 - 3DTouch" */ = {
			isa = XCConfigurationList;
			buildConfigurations = (
				78EEA7701F98847500B731F7 /* Debug */,
				78EEA7711F98847500B731F7 /* Release */,
			);
			defaultConfigurationIsVisible = 0;
			defaultConfigurationName = Release;
		};
		78EEA7721F98847500B731F7 /* Build configuration list for PBXNativeTarget "Project05 - 3DTouch" */ = {
			isa = XCConfigurationList;
			buildConfigurations = (
				78EEA7731F98847500B731F7 /* Debug */,
				78EEA7741F98847500B731F7 /* Release */,
			);
			defaultConfigurationIsVisible = 0;
			defaultConfigurationName = Release;
		};
		78EEA7751F98847500B731F7 /* Build configuration list for PBXNativeTarget "Project05 - 3DTouchTests" */ = {
			isa = XCConfigurationList;
			buildConfigurations = (
				78EEA7761F98847500B731F7 /* Debug */,
				78EEA7771F98847500B731F7 /* Release */,
			);
			defaultConfigurationIsVisible = 0;
			defaultConfigurationName = Release;
		};
		78EEA7781F98847500B731F7 /* Build configuration list for PBXNativeTarget "Project05 - 3DTouchUITests" */ = {
			isa = XCConfigurationList;
			buildConfigurations = (
				78EEA7791F98847500B731F7 /* Debug */,
				78EEA77A1F98847500B731F7 /* Release */,
			);
			defaultConfigurationIsVisible = 0;
			defaultConfigurationName = Release;
		};
/* End XCConfigurationList section */
	};
	rootObject = 78EEA7421F98847500B731F7 /* Project object */;
}
