// !$*UTF8*$!
{
	archiveVersion = 1;
	classes = {
	};
	objectVersion = 48;
	objects = {

/* Begin PBXBuildFile section */
		780EBD601FB429DD00D89AD0 /* AppDelegate.swift in Sources */ = {isa = PBXBuildFile; fileRef = 780EBD5F1FB429DD00D89AD0 /* AppDelegate.swift */; };
		780EBD621FB429DD00D89AD0 /* ViewController.swift in Sources */ = {isa = PBXBuildFile; fileRef = 780EBD611FB429DD00D89AD0 /* ViewController.swift */; };
		780EBD651FB429DD00D89AD0 /* Main.storyboard in Resources */ = {isa = PBXBuildFile; fileRef = 780EBD631FB429DD00D89AD0 /* Main.storyboard */; };
		780EBD671FB429DD00D89AD0 /* Assets.xcassets in Resources */ = {isa = PBXBuildFile; fileRef = 780EBD661FB429DD00D89AD0 /* Assets.xcassets */; };
		780EBD6A1FB429DD00D89AD0 /* LaunchScreen.storyboard in Resources */ = {isa = PBXBuildFile; fileRef = 780EBD681FB429DD00D89AD0 /* LaunchScreen.storyboard */; };
		780EBD751FB429DE00D89AD0 /* Project16___XIBTests.swift in Sources */ = {isa = PBXBuildFile; fileRef = 780EBD741FB429DE00D89AD0 /* Project16___XIBTests.swift */; };
		780EBD801FB429DE00D89AD0 /* Project16___XIBUITests.swift in Sources */ = {isa = PBXBuildFile; fileRef = 780EBD7F1FB429DE00D89AD0 /* Project16___XIBUITests.swift */; };
/* End PBXBuildFile section */

/* Begin PBXContainerItemProxy section */
		780EBD711FB429DE00D89AD0 /* PBXContainerItemProxy */ = {
			isa = PBXContainerItemProxy;
			containerPortal = 780EBD541FB429DD00D89AD0 /* Project object */;
			proxyType = 1;
			remoteGlobalIDString = 780EBD5B1FB429DD00D89AD0;
			remoteInfo = "Project16 - XIB";
		};
		780EBD7C1FB429DE00D89AD0 /* PBXContainerItemProxy */ = {
			isa = PBXContainerItemProxy;
			containerPortal = 780EBD541FB429DD00D89AD0 /* Project object */;
			proxyType = 1;
			remoteGlobalIDString = 780EBD5B1FB429DD00D89AD0;
			remoteInfo = "Project16 - XIB";
		};
/* End PBXContainerItemProxy section */

/* Begin PBXFileReference section */
		780EBD5C1FB429DD00D89AD0 /* Project16 - XIB.app */ = {isa = PBXFileReference; explicitFileType = wrapper.application; includeInIndex = 0; path = "Project16 - XIB.app"; sourceTree = BUILT_PRODUCTS_DIR; };
		780EBD5F1FB429DD00D89AD0 /* AppDelegate.swift */ = {isa = PBXFileReference; lastKnownFileType = sourcecode.swift; path = AppDelegate.swift; sourceTree = "<group>"; };
		780EBD611FB429DD00D89AD0 /* ViewController.swift */ = {isa = PBXFileReference; lastKnownFileType = sourcecode.swift; path = ViewController.swift; sourceTree = "<group>"; };
		780EBD641FB429DD00D89AD0 /* Base */ = {isa = PBXFileReference; lastKnownFileType = file.storyboard; name = Base; path = Base.lproj/Main.storyboard; sourceTree = "<group>"; };
		780EBD661FB429DD00D89AD0 /* Assets.xcassets */ = {isa = PBXFileReference; lastKnownFileType = folder.assetcatalog; path = Assets.xcassets; sourceTree = "<group>"; };
		780EBD691FB429DD00D89AD0 /* Base */ = {isa = PBXFileReference; lastKnownFileType = file.storyboard; name = Base; path = Base.lproj/LaunchScreen.storyboard; sourceTree = "<group>"; };
		780EBD6B1FB429DD00D89AD0 /* Info.plist */ = {isa = PBXFileReference; lastKnownFileType = text.plist.xml; path = Info.plist; sourceTree = "<group>"; };
		780EBD701FB429DE00D89AD0 /* Project16 - XIBTests.xctest */ = {isa = PBXFileReference; explicitFileType = wrapper.cfbundle; includeInIndex = 0; path = "Project16 - XIBTests.xctest"; sourceTree = BUILT_PRODUCTS_DIR; };
		780EBD741FB429DE00D89AD0 /* Project16___XIBTests.swift */ = {isa = PBXFileReference; lastKnownFileType = sourcecode.swift; path = "Project16___XIBTests.swift"; sourceTree = "<group>"; };
		780EBD761FB429DE00D89AD0 /* Info.plist */ = {isa = PBXFileReference; lastKnownFileType = text.plist.xml; path = Info.plist; sourceTree = "<group>"; };
		780EBD7B1FB429DE00D89AD0 /* Project16 - XIBUITests.xctest */ = {isa = PBXFileReference; explicitFileType = wrapper.cfbundle; includeInIndex = 0; path = "Project16 - XIBUITests.xctest"; sourceTree = BUILT_PRODUCTS_DIR; };
		780EBD7F1FB429DE00D89AD0 /* Project16___XIBUITests.swift */ = {isa = PBXFileReference; lastKnownFileType = sourcecode.swift; path = "Project16___XIBUITests.swift"; sourceTree = "<group>"; };
		780EBD811FB429DE00D89AD0 /* Info.plist */ = {isa = PBXFileReference; lastKnownFileType = text.plist.xml; path = Info.plist; sourceTree = "<group>"; };
/* End PBXFileReference section */

/* Begin PBXFrameworksBuildPhase section */
		780EBD591FB429DD00D89AD0 /* Frameworks */ = {
			isa = PBXFrameworksBuildPhase;
			buildActionMask = 2147483647;
			files = (
			);
			runOnlyForDeploymentPostprocessing = 0;
		};
		780EBD6D1FB429DD00D89AD0 /* Frameworks */ = {
			isa = PBXFrameworksBuildPhase;
			buildActionMask = 2147483647;
			files = (
			);
			runOnlyForDeploymentPostprocessing = 0;
		};
		780EBD781FB429DE00D89AD0 /* Frameworks */ = {
			isa = PBXFrameworksBuildPhase;
			buildActionMask = 2147483647;
			files = (
			);
			runOnlyForDeploymentPostprocessing = 0;
		};
/* End PBXFrameworksBuildPhase section */

/* Begin PBXGroup section */
		780EBD531FB429DD00D89AD0 = {
			isa = PBXGroup;
			children = (
				780EBD5E1FB429DD00D89AD0 /* Project16 - XIB */,
				780EBD731FB429DE00D89AD0 /* Project16 - XIBTests */,
				780EBD7E1FB429DE00D89AD0 /* Project16 - XIBUITests */,
				780EBD5D1FB429DD00D89AD0 /* Products */,
			);
			sourceTree = "<group>";
		};
		780EBD5D1FB429DD00D89AD0 /* Products */ = {
			isa = PBXGroup;
			children = (
				780EBD5C1FB429DD00D89AD0 /* Project16 - XIB.app */,
				780EBD701FB429DE00D89AD0 /* Project16 - XIBTests.xctest */,
				780EBD7B1FB429DE00D89AD0 /* Project16 - XIBUITests.xctest */,
			);
			name = Products;
			sourceTree = "<group>";
		};
		780EBD5E1FB429DD00D89AD0 /* Project16 - XIB */ = {
			isa = PBXGroup;
			children = (
				780EBD5F1FB429DD00D89AD0 /* AppDelegate.swift */,
				780EBD611FB429DD00D89AD0 /* ViewController.swift */,
				780EBD631FB429DD00D89AD0 /* Main.storyboard */,
				780EBD661FB429DD00D89AD0 /* Assets.xcassets */,
				780EBD681FB429DD00D89AD0 /* LaunchScreen.storyboard */,
				780EBD6B1FB429DD00D89AD0 /* Info.plist */,
			);
			path = "Project16 - XIB";
			sourceTree = "<group>";
		};
		780EBD731FB429DE00D89AD0 /* Project16 - XIBTests */ = {
			isa = PBXGroup;
			children = (
				780EBD741FB429DE00D89AD0 /* Project16___XIBTests.swift */,
				780EBD761FB429DE00D89AD0 /* Info.plist */,
			);
			path = "Project16 - XIBTests";
			sourceTree = "<group>";
		};
		780EBD7E1FB429DE00D89AD0 /* Project16 - XIBUITests */ = {
			isa = PBXGroup;
			children = (
				780EBD7F1FB429DE00D89AD0 /* Project16___XIBUITests.swift */,
				780EBD811FB429DE00D89AD0 /* Info.plist */,
			);
			path = "Project16 - XIBUITests";
			sourceTree = "<group>";
		};
/* End PBXGroup section */

/* Begin PBXNativeTarget section */
		780EBD5B1FB429DD00D89AD0 /* Project16 - XIB */ = {
			isa = PBXNativeTarget;
			buildConfigurationList = 780EBD841FB429DE00D89AD0 /* Build configuration list for PBXNativeTarget "Project16 - XIB" */;
			buildPhases = (
				780EBD581FB429DD00D89AD0 /* Sources */,
				780EBD591FB429DD00D89AD0 /* Frameworks */,
				780EBD5A1FB429DD00D89AD0 /* Resources */,
			);
			buildRules = (
			);
			dependencies = (
			);
			name = "Project16 - XIB";
			productName = "Project16 - XIB";
			productReference = 780EBD5C1FB429DD00D89AD0 /* Project16 - XIB.app */;
			productType = "com.apple.product-type.application";
		};
		780EBD6F1FB429DD00D89AD0 /* Project16 - XIBTests */ = {
			isa = PBXNativeTarget;
			buildConfigurationList = 780EBD871FB429DE00D89AD0 /* Build configuration list for PBXNativeTarget "Project16 - XIBTests" */;
			buildPhases = (
				780EBD6C1FB429DD00D89AD0 /* Sources */,
				780EBD6D1FB429DD00D89AD0 /* Frameworks */,
				780EBD6E1FB429DD00D89AD0 /* Resources */,
			);
			buildRules = (
			);
			dependencies = (
				780EBD721FB429DE00D89AD0 /* PBXTargetDependency */,
			);
			name = "Project16 - XIBTests";
			productName = "Project16 - XIBTests";
			productReference = 780EBD701FB429DE00D89AD0 /* Project16 - XIBTests.xctest */;
			productType = "com.apple.product-type.bundle.unit-test";
		};
		780EBD7A1FB429DE00D89AD0 /* Project16 - XIBUITests */ = {
			isa = PBXNativeTarget;
			buildConfigurationList = 780EBD8A1FB429DE00D89AD0 /* Build configuration list for PBXNativeTarget "Project16 - XIBUITests" */;
			buildPhases = (
				780EBD771FB429DE00D89AD0 /* Sources */,
				780EBD781FB429DE00D89AD0 /* Frameworks */,
				780EBD791FB429DE00D89AD0 /* Resources */,
			);
			buildRules = (
			);
			dependencies = (
				780EBD7D1FB429DE00D89AD0 /* PBXTargetDependency */,
			);
			name = "Project16 - XIBUITests";
			productName = "Project16 - XIBUITests";
			productReference = 780EBD7B1FB429DE00D89AD0 /* Project16 - XIBUITests.xctest */;
			productType = "com.apple.product-type.bundle.ui-testing";
		};
/* End PBXNativeTarget section */

/* Begin PBXProject section */
		780EBD541FB429DD00D89AD0 /* Project object */ = {
			isa = PBXProject;
			attributes = {
				LastSwiftUpdateCheck = 0900;
				LastUpgradeCheck = 0900;
				ORGANIZATIONNAME = zhouxinfang;
				TargetAttributes = {
					780EBD5B1FB429DD00D89AD0 = {
						CreatedOnToolsVersion = 9.0;
						ProvisioningStyle = Automatic;
					};
					780EBD6F1FB429DD00D89AD0 = {
						CreatedOnToolsVersion = 9.0;
						ProvisioningStyle = Automatic;
						TestTargetID = 780EBD5B1FB429DD00D89AD0;
					};
					780EBD7A1FB429DE00D89AD0 = {
						CreatedOnToolsVersion = 9.0;
						ProvisioningStyle = Automatic;
						TestTargetID = 780EBD5B1FB429DD00D89AD0;
					};
				};
			};
			buildConfigurationList = 780EBD571FB429DD00D89AD0 /* Build configuration list for PBXProject "Project16 - XIB" */;
			compatibilityVersion = "Xcode 8.0";
			developmentRegion = en;
			hasScannedForEncodings = 0;
			knownRegions = (
				en,
				Base,
			);
			mainGroup = 780EBD531FB429DD00D89AD0;
			productRefGroup = 780EBD5D1FB429DD00D89AD0 /* Products */;
			projectDirPath = "";
			projectRoot = "";
			targets = (
				780EBD5B1FB429DD00D89AD0 /* Project16 - XIB */,
				780EBD6F1FB429DD00D89AD0 /* Project16 - XIBTests */,
				780EBD7A1FB429DE00D89AD0 /* Project16 - XIBUITests */,
			);
		};
/* End PBXProject section */

/* Begin PBXResourcesBuildPhase section */
		780EBD5A1FB429DD00D89AD0 /* Resources */ = {
			isa = PBXResourcesBuildPhase;
			buildActionMask = 2147483647;
			files = (
				780EBD6A1FB429DD00D89AD0 /* LaunchScreen.storyboard in Resources */,
				780EBD671FB429DD00D89AD0 /* Assets.xcassets in Resources */,
				780EBD651FB429DD00D89AD0 /* Main.storyboard in Resources */,
			);
			runOnlyForDeploymentPostprocessing = 0;
		};
		780EBD6E1FB429DD00D89AD0 /* Resources */ = {
			isa = PBXResourcesBuildPhase;
			buildActionMask = 2147483647;
			files = (
			);
			runOnlyForDeploymentPostprocessing = 0;
		};
		780EBD791FB429DE00D89AD0 /* Resources */ = {
			isa = PBXResourcesBuildPhase;
			buildActionMask = 2147483647;
			files = (
			);
			runOnlyForDeploymentPostprocessing = 0;
		};
/* End PBXResourcesBuildPhase section */

/* Begin PBXSourcesBuildPhase section */
		780EBD581FB429DD00D89AD0 /* Sources */ = {
			isa = PBXSourcesBuildPhase;
			buildActionMask = 2147483647;
			files = (
				780EBD621FB429DD00D89AD0 /* ViewController.swift in Sources */,
				780EBD601FB429DD00D89AD0 /* AppDelegate.swift in Sources */,
			);
			runOnlyForDeploymentPostprocessing = 0;
		};
		780EBD6C1FB429DD00D89AD0 /* Sources */ = {
			isa = PBXSourcesBuildPhase;
			buildActionMask = 2147483647;
			files = (
				780EBD751FB429DE00D89AD0 /* Project16___XIBTests.swift in Sources */,
			);
			runOnlyForDeploymentPostprocessing = 0;
		};
		780EBD771FB429DE00D89AD0 /* Sources */ = {
			isa = PBXSourcesBuildPhase;
			buildActionMask = 2147483647;
			files = (
				780EBD801FB429DE00D89AD0 /* Project16___XIBUITests.swift in Sources */,
			);
			runOnlyForDeploymentPostprocessing = 0;
		};
/* End PBXSourcesBuildPhase section */

/* Begin PBXTargetDependency section */
		780EBD721FB429DE00D89AD0 /* PBXTargetDependency */ = {
			isa = PBXTargetDependency;
			target = 780EBD5B1FB429DD00D89AD0 /* Project16 - XIB */;
			targetProxy = 780EBD711FB429DE00D89AD0 /* PBXContainerItemProxy */;
		};
		780EBD7D1FB429DE00D89AD0 /* PBXTargetDependency */ = {
			isa = PBXTargetDependency;
			target = 780EBD5B1FB429DD00D89AD0 /* Project16 - XIB */;
			targetProxy = 780EBD7C1FB429DE00D89AD0 /* PBXContainerItemProxy */;
		};
/* End PBXTargetDependency section */

/* Begin PBXVariantGroup section */
		780EBD631FB429DD00D89AD0 /* Main.storyboard */ = {
			isa = PBXVariantGroup;
			children = (
				780EBD641FB429DD00D89AD0 /* Base */,
			);
			name = Main.storyboard;
			sourceTree = "<group>";
		};
		780EBD681FB429DD00D89AD0 /* LaunchScreen.storyboard */ = {
			isa = PBXVariantGroup;
			children = (
				780EBD691FB429DD00D89AD0 /* Base */,
			);
			name = LaunchScreen.storyboard;
			sourceTree = "<group>";
		};
/* End PBXVariantGroup section */

/* Begin XCBuildConfiguration section */
		780EBD821FB429DE00D89AD0 /* Debug */ = {
			isa = XCBuildConfiguration;
			buildSettings = {
				ALWAYS_SEARCH_USER_PATHS = NO;
				CLANG_ANALYZER_NONNULL = YES;
				CLANG_ANALYZER_NUMBER_OBJECT_CONVERSION = YES_AGGRESSIVE;
				CLANG_CXX_LANGUAGE_STANDARD = "gnu++14";
				CLANG_CXX_LIBRARY = "libc++";
				CLANG_ENABLE_MODULES = YES;
				CLANG_ENABLE_OBJC_ARC = YES;
				CLANG_WARN_BLOCK_CAPTURE_AUTORELEASING = YES;
				CLANG_WARN_BOOL_CONVERSION = YES;
				CLANG_WARN_COMMA = YES;
				CLANG_WARN_CONSTANT_CONVERSION = YES;
				CLANG_WARN_DIRECT_OBJC_ISA_USAGE = YES_ERROR;
				CLANG_WARN_DOCUMENTATION_COMMENTS = YES;
				CLANG_WARN_EMPTY_BODY = YES;
				CLANG_WARN_ENUM_CONVERSION = YES;
				CLANG_WARN_INFINITE_RECURSION = YES;
				CLANG_WARN_INT_CONVERSION = YES;
				CLANG_WARN_NON_LITERAL_NULL_CONVERSION = YES;
				CLANG_WARN_OBJC_LITERAL_CONVERSION = YES;
				CLANG_WARN_OBJC_ROOT_CLASS = YES_ERROR;
				CLANG_WARN_RANGE_LOOP_ANALYSIS = YES;
				CLANG_WARN_STRICT_PROTOTYPES = YES;
				CLANG_WARN_SUSPICIOUS_MOVE = YES;
				CLANG_WARN_UNGUARDED_AVAILABILITY = YES_AGGRESSIVE;
				CLANG_WARN_UNREACHABLE_CODE = YES;
				CLANG_WARN__DUPLICATE_METHOD_MATCH = YES;
				CODE_SIGN_IDENTITY = "iPhone Developer";
				COPY_PHASE_STRIP = NO;
				DEBUG_INFORMATION_FORMAT = dwarf;
				ENABLE_STRICT_OBJC_MSGSEND = YES;
				ENABLE_TESTABILITY = YES;
				GCC_C_LANGUAGE_STANDARD = gnu11;
				GCC_DYNAMIC_NO_PIC = NO;
				GCC_NO_COMMON_BLOCKS = YES;
				GCC_OPTIMIZATION_LEVEL = 0;
				GCC_PREPROCESSOR_DEFINITIONS = (
					"DEBUG=1",
					"$(inherited)",
				);
				GCC_WARN_64_TO_32_BIT_CONVERSION = YES;
				GCC_WARN_ABOUT_RETURN_TYPE = YES_ERROR;
				GCC_WARN_UNDECLARED_SELECTOR = YES;
				GCC_WARN_UNINITIALIZED_AUTOS = YES_AGGRESSIVE;
				GCC_WARN_UNUSED_FUNCTION = YES;
				GCC_WARN_UNUSED_VARIABLE = YES;
				IPHONEOS_DEPLOYMENT_TARGET = 11.0;
				MTL_ENABLE_DEBUG_INFO = YES;
				ONLY_ACTIVE_ARCH = YES;
				SDKROOT = iphoneos;
				SWIFT_ACTIVE_COMPILATION_CONDITIONS = DEBUG;
				SWIFT_OPTIMIZATION_LEVEL = "-Onone";
			};
			name = Debug;
		};
		780EBD831FB429DE00D89AD0 /* Release */ = {
			isa = XCBuildConfiguration;
			buildSettings = {
				ALWAYS_SEARCH_USER_PATHS = NO;
				CLANG_ANALYZER_NONNULL = YES;
				CLANG_ANALYZER_NUMBER_OBJECT_CONVERSION = YES_AGGRESSIVE;
				CLANG_CXX_LANGUAGE_STANDARD = "gnu++14";
				CLANG_CXX_LIBRARY = "libc++";
				CLANG_ENABLE_MODULES = YES;
				CLANG_ENABLE_OBJC_ARC = YES;
				CLANG_WARN_BLOCK_CAPTURE_AUTORELEASING = YES;
				CLANG_WARN_BOOL_CONVERSION = YES;
				CLANG_WARN_COMMA = YES;
				CLANG_WARN_CONSTANT_CONVERSION = YES;
				CLANG_WARN_DIRECT_OBJC_ISA_USAGE = YES_ERROR;
				CLANG_WARN_DOCUMENTATION_COMMENTS = YES;
				CLANG_WARN_EMPTY_BODY = YES;
				CLANG_WARN_ENUM_CONVERSION = YES;
				CLANG_WARN_INFINITE_RECURSION = YES;
				CLANG_WARN_INT_CONVERSION = YES;
				CLANG_WARN_NON_LITERAL_NULL_CONVERSION = YES;
				CLANG_WARN_OBJC_LITERAL_CONVERSION = YES;
				CLANG_WARN_OBJC_ROOT_CLASS = YES_ERROR;
				CLANG_WARN_RANGE_LOOP_ANALYSIS = YES;
				CLANG_WARN_STRICT_PROTOTYPES = YES;
				CLANG_WARN_SUSPICIOUS_MOVE = YES;
				CLANG_WARN_UNGUARDED_AVAILABILITY = YES_AGGRESSIVE;
				CLANG_WARN_UNREACHABLE_CODE = YES;
				CLANG_WARN__DUPLICATE_METHOD_MATCH = YES;
				CODE_SIGN_IDENTITY = "iPhone Developer";
				COPY_PHASE_STRIP = NO;
				DEBUG_INFORMATION_FORMAT = "dwarf-with-dsym";
				ENABLE_NS_ASSERTIONS = NO;
				ENABLE_STRICT_OBJC_MSGSEND = YES;
				GCC_C_LANGUAGE_STANDARD = gnu11;
				GCC_NO_COMMON_BLOCKS = YES;
				GCC_WARN_64_TO_32_BIT_CONVERSION = YES;
				GCC_WARN_ABOUT_RETURN_TYPE = YES_ERROR;
				GCC_WARN_UNDECLARED_SELECTOR = YES;
				GCC_WARN_UNINITIALIZED_AUTOS = YES_AGGRESSIVE;
				GCC_WARN_UNUSED_FUNCTION = YES;
				GCC_WARN_UNUSED_VARIABLE = YES;
				IPHONEOS_DEPLOYMENT_TARGET = 11.0;
				MTL_ENABLE_DEBUG_INFO = NO;
				SDKROOT = iphoneos;
				SWIFT_OPTIMIZATION_LEVEL = "-Owholemodule";
				VALIDATE_PRODUCT = YES;
			};
			name = Release;
		};
		780EBD851FB429DE00D89AD0 /* Debug */ = {
			isa = XCBuildConfiguration;
			buildSettings = {
				ASSETCATALOG_COMPILER_APPICON_NAME = AppIcon;
				CODE_SIGN_STYLE = Automatic;
				INFOPLIST_FILE = "Project16 - XIB/Info.plist";
				LD_RUNPATH_SEARCH_PATHS = "$(inherited) @executable_path/Frameworks";
				PRODUCT_BUNDLE_IDENTIFIER = "Ths.Project16---XIB";
				PRODUCT_NAME = "$(TARGET_NAME)";
				SWIFT_VERSION = 4.0;
				TARGETED_DEVICE_FAMILY = "1,2";
			};
			name = Debug;
		};
		780EBD861FB429DE00D89AD0 /* Release */ = {
			isa = XCBuildConfiguration;
			buildSettings = {
				ASSETCATALOG_COMPILER_APPICON_NAME = AppIcon;
				CODE_SIGN_STYLE = Automatic;
				INFOPLIST_FILE = "Project16 - XIB/Info.plist";
				LD_RUNPATH_SEARCH_PATHS = "$(inherited) @executable_path/Frameworks";
				PRODUCT_BUNDLE_IDENTIFIER = "Ths.Project16---XIB";
				PRODUCT_NAME = "$(TARGET_NAME)";
				SWIFT_VERSION = 4.0;
				TARGETED_DEVICE_FAMILY = "1,2";
			};
			name = Release;
		};
		780EBD881FB429DE00D89AD0 /* Debug */ = {
			isa = XCBuildConfiguration;
			buildSettings = {
				ALWAYS_EMBED_SWIFT_STANDARD_LIBRARIES = YES;
				BUNDLE_LOADER = "$(TEST_HOST)";
				CODE_SIGN_STYLE = Automatic;
				INFOPLIST_FILE = "Project16 - XIBTests/Info.plist";
				LD_RUNPATH_SEARCH_PATHS = "$(inherited) @executable_path/Frameworks @loader_path/Frameworks";
				PRODUCT_BUNDLE_IDENTIFIER = "Ths.Project16---XIBTests";
				PRODUCT_NAME = "$(TARGET_NAME)";
				SWIFT_VERSION = 4.0;
				TARGETED_DEVICE_FAMILY = "1,2";
				TEST_HOST = "$(BUILT_PRODUCTS_DIR)/Project16 - XIB.app/Project16 - XIB";
			};
			name = Debug;
		};
		780EBD891FB429DE00D89AD0 /* Release */ = {
			isa = XCBuildConfiguration;
			buildSettings = {
				ALWAYS_EMBED_SWIFT_STANDARD_LIBRARIES = YES;
				BUNDLE_LOADER = "$(TEST_HOST)";
				CODE_SIGN_STYLE = Automatic;
				INFOPLIST_FILE = "Project16 - XIBTests/Info.plist";
				LD_RUNPATH_SEARCH_PATHS = "$(inherited) @executable_path/Frameworks @loader_path/Frameworks";
				PRODUCT_BUNDLE_IDENTIFIER = "Ths.Project16---XIBTests";
				PRODUCT_NAME = "$(TARGET_NAME)";
				SWIFT_VERSION = 4.0;
				TARGETED_DEVICE_FAMILY = "1,2";
				TEST_HOST = "$(BUILT_PRODUCTS_DIR)/Project16 - XIB.app/Project16 - XIB";
			};
			name = Release;
		};
		780EBD8B1FB429DE00D89AD0 /* Debug */ = {
			isa = XCBuildConfiguration;
			buildSettings = {
				ALWAYS_EMBED_SWIFT_STANDARD_LIBRARIES = YES;
				CODE_SIGN_STYLE = Automatic;
				INFOPLIST_FILE = "Project16 - XIBUITests/Info.plist";
				LD_RUNPATH_SEARCH_PATHS = "$(inherited) @executable_path/Frameworks @loader_path/Frameworks";
				PRODUCT_BUNDLE_IDENTIFIER = "Ths.Project16---XIBUITests";
				PRODUCT_NAME = "$(TARGET_NAME)";
				SWIFT_VERSION = 4.0;
				TARGETED_DEVICE_FAMILY = "1,2";
				TEST_TARGET_NAME = "Project16 - XIB";
			};
			name = Debug;
		};
		780EBD8C1FB429DE00D89AD0 /* Release */ = {
			isa = XCBuildConfiguration;
			buildSettings = {
				ALWAYS_EMBED_SWIFT_STANDARD_LIBRARIES = YES;
				CODE_SIGN_STYLE = Automatic;
				INFOPLIST_FILE = "Project16 - XIBUITests/Info.plist";
				LD_RUNPATH_SEARCH_PATHS = "$(inherited) @executable_path/Frameworks @loader_path/Frameworks";
				PRODUCT_BUNDLE_IDENTIFIER = "Ths.Project16---XIBUITests";
				PRODUCT_NAME = "$(TARGET_NAME)";
				SWIFT_VERSION = 4.0;
				TARGETED_DEVICE_FAMILY = "1,2";
				TEST_TARGET_NAME = "Project16 - XIB";
			};
			name = Release;
		};
/* End XCBuildConfiguration section */

/* Begin XCConfigurationList section */
		780EBD571FB429DD00D89AD0 /* Build configuration list for PBXProject "Project16 - XIB" */ = {
			isa = XCConfigurationList;
			buildConfigurations = (
				780EBD821FB429DE00D89AD0 /* Debug */,
				780EBD831FB429DE00D89AD0 /* Release */,
			);
			defaultConfigurationIsVisible = 0;
			defaultConfigurationName = Release;
		};
		780EBD841FB429DE00D89AD0 /* Build configuration list for PBXNativeTarget "Project16 - XIB" */ = {
			isa = XCConfigurationList;
			buildConfigurations = (
				780EBD851FB429DE00D89AD0 /* Debug */,
				780EBD861FB429DE00D89AD0 /* Release */,
			);
			defaultConfigurationIsVisible = 0;
			defaultConfigurationName = Release;
		};
		780EBD871FB429DE00D89AD0 /* Build configuration list for PBXNativeTarget "Project16 - XIBTests" */ = {
			isa = XCConfigurationList;
			buildConfigurations = (
				780EBD881FB429DE00D89AD0 /* Debug */,
				780EBD891FB429DE00D89AD0 /* Release */,
			);
			defaultConfigurationIsVisible = 0;
			defaultConfigurationName = Release;
		};
		780EBD8A1FB429DE00D89AD0 /* Build configuration list for PBXNativeTarget "Project16 - XIBUITests" */ = {
			isa = XCConfigurationList;
			buildConfigurations = (
				780EBD8B1FB429DE00D89AD0 /* Debug */,
				780EBD8C1FB429DE00D89AD0 /* Release */,
			);
			defaultConfigurationIsVisible = 0;
			defaultConfigurationName = Release;
		};
/* End XCConfigurationList section */
	};
	rootObject = 780EBD541FB429DD00D89AD0 /* Project object */;
}
